{
  "name": "web-slides",
  "version": "1.0.0",
  "lockfileVersion": 1,
  "requires": true,
  "dependencies": {
    "is-stream": {
      "version": "1.1.0",
      "resolved": "https://registry.npmjs.org/is-stream/-/is-stream-1.1.0.tgz",
      "integrity": "sha1-EtSj3U5o4Lec6428hBc66A2RykQ="
    },
    "slang": {
      "version": "0.3.0",
      "resolved": "https://registry.npmjs.org/slang/-/slang-0.3.0.tgz",
      "integrity": "sha1-E691tPDAGMaoGT1wT2WyO+T7q9w="
    },
    "slm": {
      "version": "2.0.0",
      "resolved": "https://registry.npmjs.org/slm/-/slm-2.0.0.tgz",
      "integrity": "sha512-8XgPx7nHm5POoOMEO701zqhQRxJvCboRl1NWTxzHLmMe4U0BgRlbDWUC4zREScbNWBA7a8XdLTZJRTQRIDu3bw=="
    },
    "wkhtmltopdf": {
      "version": "0.3.4",
      "resolved": "https://registry.npmjs.org/wkhtmltopdf/-/wkhtmltopdf-0.3.4.tgz",
      "integrity": "sha1-4ttUKn3CJIAyvxNnVLXN188oFfA=",
      "requires": {
        "is-stream": "^1.0.1",
        "slang": ">=0.2"
      }
    }
  }
}
